
Microsoft Visual Studio Solution File, Format Version 12.00
# Visual Studio 15
VisualStudioVersion = 15.0.27004.2009
MinimumVisualStudioVersion = 10.0.40219.1
Project("{FAE04EC0-301F-11D3-BF4B-00C04F79EFBC}") = "rootsofcs", "rootsofcs\rootsofcs.csproj", "{14EDA948-485B-480B-BCAB-2AB295C43479}"
EndProject
Project("{FAE04EC0-301F-11D3-BF4B-00C04F79EFBC}") = "Arrays", "Arrays\Arrays.csproj", "{F0541E92-0DBE-416B-B7DA-D239CA2D5DD1}"
EndProject
Project("{FAE04EC0-301F-11D3-BF4B-00C04F79EFBC}") = "Strings", "Strings\Strings.csproj", "{A601E8C9-170B-45FF-869F-CD8C0685A0E7}"
EndProject
Project("{FAE04EC0-301F-11D3-BF4B-00C04F79EFBC}") = "Lists", "Lists\Lists.csproj", "{521C2BD6-450D-4D38-A00B-443E300D8A14}"
EndProject
Project("{FAE04EC0-301F-11D3-BF4B-00C04F79EFBC}") = "Trees", "Trees\Trees.csproj", "{C6F8689B-5085-4679-B370-5E1E9866010B}"
EndProject
Project("{FAE04EC0-301F-11D3-BF4B-00C04F79EFBC}") = "Graphs", "Graphs\Graphs.csproj", "{D12F5628-24DC-436D-A790-64BFB65B0D68}"
EndProject
Project("{FAE04EC0-301F-11D3-BF4B-00C04F79EFBC}") = "Stacks", "Stacks\Stacks.csproj", "{71D7ED75-D5DB-484F-8211-332CB0843358}"
EndProject
Project("{FAE04EC0-301F-11D3-BF4B-00C04F79EFBC}") = "Queues", "Queues\Queues.csproj", "{16FFC75F-2CC0-4FE9-897D-931FBC3CE99A}"
EndProject
Project("{FAE04EC0-301F-11D3-BF4B-00C04F79EFBC}") = "Searching", "Searching\Searching.csproj", "{8F6CC615-4158-4478-9EC3-5E9F23B4056F}"
EndProject
Project("{FAE04EC0-301F-11D3-BF4B-00C04F79EFBC}") = "Sorting", "Sorting\Sorting.csproj", "{0EDCF2F1-31B9-4A02-B29C-FB8079855A43}"
EndProject
Project("{FAE04EC0-301F-11D3-BF4B-00C04F79EFBC}") = "GreedyAlgorithms", "GreedyAlgorithms\GreedyAlgorithms.csproj", "{1BBB9E34-96F5-4D75-B6E6-6D5DD4EA8CAA}"
EndProject
Project("{FAE04EC0-301F-11D3-BF4B-00C04F79EFBC}") = "DynamicProgramming", "DynamicProgramming\DynamicProgramming.csproj", "{6854FB4B-AB5F-41A5-ABB6-605BE43CD6E4}"
EndProject
Project("{FAE04EC0-301F-11D3-BF4B-00C04F79EFBC}") = "Backtracking", "Backtracking\Backtracking.csproj", "{3E48B729-D2D4-4358-82EB-686DA033A34B}"
EndProject
Project("{FAE04EC0-301F-11D3-BF4B-00C04F79EFBC}") = "DivideAndConquerAlgorithms", "DivideAndConquerAlgorithms\DivideAndConquerAlgorithms.csproj", "{246CFA3A-BFE2-4015-BFC0-A47AAAE1B234}"
EndProject
Global
	GlobalSection(SolutionConfigurationPlatforms) = preSolution
		Debug|Any CPU = Debug|Any CPU
		Release|Any CPU = Release|Any CPU
	EndGlobalSection
	GlobalSection(ProjectConfigurationPlatforms) = postSolution
		{14EDA948-485B-480B-BCAB-2AB295C43479}.Debug|Any CPU.ActiveCfg = Debug|Any CPU
		{14EDA948-485B-480B-BCAB-2AB295C43479}.Debug|Any CPU.Build.0 = Debug|Any CPU
		{14EDA948-485B-480B-BCAB-2AB295C43479}.Release|Any CPU.ActiveCfg = Release|Any CPU
		{14EDA948-485B-480B-BCAB-2AB295C43479}.Release|Any CPU.Build.0 = Release|Any CPU
		{F0541E92-0DBE-416B-B7DA-D239CA2D5DD1}.Debug|Any CPU.ActiveCfg = Debug|Any CPU
		{F0541E92-0DBE-416B-B7DA-D239CA2D5DD1}.Debug|Any CPU.Build.0 = Debug|Any CPU
		{F0541E92-0DBE-416B-B7DA-D239CA2D5DD1}.Release|Any CPU.ActiveCfg = Release|Any CPU
		{F0541E92-0DBE-416B-B7DA-D239CA2D5DD1}.Release|Any CPU.Build.0 = Release|Any CPU
		{A601E8C9-170B-45FF-869F-CD8C0685A0E7}.Debug|Any CPU.ActiveCfg = Debug|Any CPU
		{A601E8C9-170B-45FF-869F-CD8C0685A0E7}.Debug|Any CPU.Build.0 = Debug|Any CPU
		{A601E8C9-170B-45FF-869F-CD8C0685A0E7}.Release|Any CPU.ActiveCfg = Release|Any CPU
		{A601E8C9-170B-45FF-869F-CD8C0685A0E7}.Release|Any CPU.Build.0 = Release|Any CPU
		{521C2BD6-450D-4D38-A00B-443E300D8A14}.Debug|Any CPU.ActiveCfg = Debug|Any CPU
		{521C2BD6-450D-4D38-A00B-443E300D8A14}.Debug|Any CPU.Build.0 = Debug|Any CPU
		{521C2BD6-450D-4D38-A00B-443E300D8A14}.Release|Any CPU.ActiveCfg = Release|Any CPU
		{521C2BD6-450D-4D38-A00B-443E300D8A14}.Release|Any CPU.Build.0 = Release|Any CPU
		{C6F8689B-5085-4679-B370-5E1E9866010B}.Debug|Any CPU.ActiveCfg = Debug|Any CPU
		{C6F8689B-5085-4679-B370-5E1E9866010B}.Debug|Any CPU.Build.0 = Debug|Any CPU
		{C6F8689B-5085-4679-B370-5E1E9866010B}.Release|Any CPU.ActiveCfg = Release|Any CPU
		{C6F8689B-5085-4679-B370-5E1E9866010B}.Release|Any CPU.Build.0 = Release|Any CPU
		{D12F5628-24DC-436D-A790-64BFB65B0D68}.Debug|Any CPU.ActiveCfg = Debug|Any CPU
		{D12F5628-24DC-436D-A790-64BFB65B0D68}.Debug|Any CPU.Build.0 = Debug|Any CPU
		{D12F5628-24DC-436D-A790-64BFB65B0D68}.Release|Any CPU.ActiveCfg = Release|Any CPU
		{D12F5628-24DC-436D-A790-64BFB65B0D68}.Release|Any CPU.Build.0 = Release|Any CPU
		{71D7ED75-D5DB-484F-8211-332CB0843358}.Debug|Any CPU.ActiveCfg = Debug|Any CPU
		{71D7ED75-D5DB-484F-8211-332CB0843358}.Debug|Any CPU.Build.0 = Debug|Any CPU
		{71D7ED75-D5DB-484F-8211-332CB0843358}.Release|Any CPU.ActiveCfg = Release|Any CPU
		{71D7ED75-D5DB-484F-8211-332CB0843358}.Release|Any CPU.Build.0 = Release|Any CPU
		{16FFC75F-2CC0-4FE9-897D-931FBC3CE99A}.Debug|Any CPU.ActiveCfg = Debug|Any CPU
		{16FFC75F-2CC0-4FE9-897D-931FBC3CE99A}.Debug|Any CPU.Build.0 = Debug|Any CPU
		{16FFC75F-2CC0-4FE9-897D-931FBC3CE99A}.Release|Any CPU.ActiveCfg = Release|Any CPU
		{16FFC75F-2CC0-4FE9-897D-931FBC3CE99A}.Release|Any CPU.Build.0 = Release|Any CPU
		{8F6CC615-4158-4478-9EC3-5E9F23B4056F}.Debug|Any CPU.ActiveCfg = Debug|Any CPU
		{8F6CC615-4158-4478-9EC3-5E9F23B4056F}.Debug|Any CPU.Build.0 = Debug|Any CPU
		{8F6CC615-4158-4478-9EC3-5E9F23B4056F}.Release|Any CPU.ActiveCfg = Release|Any CPU
		{8F6CC615-4158-4478-9EC3-5E9F23B4056F}.Release|Any CPU.Build.0 = Release|Any CPU
		{0EDCF2F1-31B9-4A02-B29C-FB8079855A43}.Debug|Any CPU.ActiveCfg = Debug|Any CPU
		{0EDCF2F1-31B9-4A02-B29C-FB8079855A43}.Debug|Any CPU.Build.0 = Debug|Any CPU
		{0EDCF2F1-31B9-4A02-B29C-FB8079855A43}.Release|Any CPU.ActiveCfg = Release|Any CPU
		{0EDCF2F1-31B9-4A02-B29C-FB8079855A43}.Release|Any CPU.Build.0 = Release|Any CPU
		{1BBB9E34-96F5-4D75-B6E6-6D5DD4EA8CAA}.Debug|Any CPU.ActiveCfg = Debug|Any CPU
		{1BBB9E34-96F5-4D75-B6E6-6D5DD4EA8CAA}.Debug|Any CPU.Build.0 = Debug|Any CPU
		{1BBB9E34-96F5-4D75-B6E6-6D5DD4EA8CAA}.Release|Any CPU.ActiveCfg = Release|Any CPU
		{1BBB9E34-96F5-4D75-B6E6-6D5DD4EA8CAA}.Release|Any CPU.Build.0 = Release|Any CPU
		{6854FB4B-AB5F-41A5-ABB6-605BE43CD6E4}.Debug|Any CPU.ActiveCfg = Debug|Any CPU
		{6854FB4B-AB5F-41A5-ABB6-605BE43CD6E4}.Debug|Any CPU.Build.0 = Debug|Any CPU
		{6854FB4B-AB5F-41A5-ABB6-605BE43CD6E4}.Release|Any CPU.ActiveCfg = Release|Any CPU
		{6854FB4B-AB5F-41A5-ABB6-605BE43CD6E4}.Release|Any CPU.Build.0 = Release|Any CPU
		{3E48B729-D2D4-4358-82EB-686DA033A34B}.Debug|Any CPU.ActiveCfg = Debug|Any CPU
		{3E48B729-D2D4-4358-82EB-686DA033A34B}.Debug|Any CPU.Build.0 = Debug|Any CPU
		{3E48B729-D2D4-4358-82EB-686DA033A34B}.Release|Any CPU.ActiveCfg = Release|Any CPU
		{3E48B729-D2D4-4358-82EB-686DA033A34B}.Release|Any CPU.Build.0 = Release|Any CPU
		{246CFA3A-BFE2-4015-BFC0-A47AAAE1B234}.Debug|Any CPU.ActiveCfg = Debug|Any CPU
		{246CFA3A-BFE2-4015-BFC0-A47AAAE1B234}.Debug|Any CPU.Build.0 = Debug|Any CPU
		{246CFA3A-BFE2-4015-BFC0-A47AAAE1B234}.Release|Any CPU.ActiveCfg = Release|Any CPU
		{246CFA3A-BFE2-4015-BFC0-A47AAAE1B234}.Release|Any CPU.Build.0 = Release|Any CPU
	EndGlobalSection
	GlobalSection(SolutionProperties) = preSolution
		HideSolutionNode = FALSE
	EndGlobalSection
	GlobalSection(ExtensibilityGlobals) = postSolution
		SolutionGuid = {9C1F306B-A8D6-4F28-86EA-B8A9DDA1AD6E}
	EndGlobalSection
EndGlobal
